
Microsoft Visual Studio Solution File, Format Version 12.00
# Visual Studio 15
VisualStudioVersion = 15.0.28307.757
MinimumVisualStudioVersion = 10.0.40219.1
Project("{FAE04EC0-301F-11D3-BF4B-00C04F79EFBC}") = "Astral Cycle", "Astral Cycle\Astral Cycle.csproj", "{3D68D66B-707D-4EC5-8500-F747C322D256}"
EndProject
Global
	GlobalSection(SolutionConfigurationPlatforms) = preSolution
		Debug|Any CPU = Debug|Any CPU
		Release|Any CPU = Release|Any CPU
	EndGlobalSection
	GlobalSection(ProjectConfigurationPlatforms) = postSolution
		{3D68D66B-707D-4EC5-8500-F747C322D256}.Debug|Any CPU.ActiveCfg = Debug|Any CPU
		{3D68D66B-707D-4EC5-8500-F747C322D256}.Debug|Any CPU.Build.0 = Debug|Any CPU
		{3D68D66B-707D-4EC5-8500-F747C322D256}.Release|Any CPU.ActiveCfg = Release|Any CPU
		{3D68D66B-707D-4EC5-8500-F747C322D256}.Release|Any CPU.Build.0 = Release|Any CPU
	EndGlobalSection
	GlobalSection(SolutionProperties) = preSolution
		HideSolutionNode = FALSE
	EndGlobalSection
	GlobalSection(ExtensibilityGlobals) = postSolution
		SolutionGuid = {6A60221C-E2EA-48A9-ABA5-49BE935AD64C}
	EndGlobalSection
EndGlobal
